
Microsoft Visual Studio Solution File, Format Version 12.00
# Visual Studio Version 17
VisualStudioVersion = 17.2.32630.192
MinimumVisualStudioVersion = 10.0.40219.1
Project("{9A19103F-16F7-4668-BE54-9A1E7A4F7556}") = "R5T.L0033.Construction", "R5T.L0033.Construction\R5T.L0033.Construction.csproj", "{BC4930D3-4F99-4F20-831E-E98A33E93FF2}"
EndProject
Project("{9A19103F-16F7-4668-BE54-9A1E7A4F7556}") = "R5T.L0033", "R5T.L0033\R5T.L0033.csproj", "{B1295F64-7867-4EF1-91A8-0F5780CE7460}"
EndProject
Project("{2150E333-8FDC-42A3-9474-1A3956D46DE8}") = "_Dependencies", "_Dependencies", "{71D3B317-4E4D-4D9A-BDAC-475B5BA57BB3}"
EndProject
Project("{9A19103F-16F7-4668-BE54-9A1E7A4F7556}") = "R5T.F0000", "..\..\R5T.F0000\source\R5T.F0000\R5T.F0000.csproj", "{9046F522-90C5-4FCA-80DD-0FE88C1CB7ED}"
EndProject
Project("{9A19103F-16F7-4668-BE54-9A1E7A4F7556}") = "R5T.L0032.T000", "..\..\R5T.L0032\source\R5T.L0032.T000\R5T.L0032.T000.csproj", "{7A36A8CB-A77A-466D-A7BF-3A21667892C4}"
EndProject
Project("{9A19103F-16F7-4668-BE54-9A1E7A4F7556}") = "R5T.L0032", "..\..\R5T.L0032\source\R5T.L0032\R5T.L0032.csproj", "{DF4F44C8-6E10-48DE-BA79-1B6726EEE2C9}"
EndProject
Project("{9A19103F-16F7-4668-BE54-9A1E7A4F7556}") = "R5T.T0131", "..\..\R5T.T0131\source\R5T.T0131\R5T.T0131.csproj", "{E54F6B06-400B-4B41-907D-1660F65E1BFF}"
EndProject
Project("{9A19103F-16F7-4668-BE54-9A1E7A4F7556}") = "R5T.T0132", "..\..\R5T.T0132\source\R5T.T0132\R5T.T0132.csproj", "{FC20526E-A769-4B55-BB25-6F0BD58510D5}"
EndProject
Project("{9A19103F-16F7-4668-BE54-9A1E7A4F7556}") = "R5T.T0142", "..\..\R5T.T0142\source\R5T.T0142\R5T.T0142.csproj", "{DE27EEDA-79A1-4BF8-9FA2-D487DEB5AE3C}"
EndProject
Project("{9A19103F-16F7-4668-BE54-9A1E7A4F7556}") = "R5T.T0143", "..\..\R5T.T0143\source\R5T.T0143\R5T.T0143.csproj", "{424478FD-F3ED-4CFE-84C9-7774E623BB8C}"
EndProject
Project("{9A19103F-16F7-4668-BE54-9A1E7A4F7556}") = "R5T.T0156", "..\..\R5T.T0156\source\R5T.T0156\R5T.T0156.csproj", "{6E2CF4EE-AF75-4B65-8EAB-42D7B5AE9AA9}"
EndProject
Project("{9A19103F-16F7-4668-BE54-9A1E7A4F7556}") = "R5T.T0178", "..\..\R5T.T0178\source\R5T.T0178\R5T.T0178.csproj", "{092121BA-39B8-4300-85AB-330B1654E694}"
EndProject
Project("{9A19103F-16F7-4668-BE54-9A1E7A4F7556}") = "R5T.T0179", "..\..\R5T.T0179\source\R5T.T0179\R5T.T0179.csproj", "{CA87955B-B72F-42FF-A3F9-E86936AA83F2}"
EndProject
Project("{9A19103F-16F7-4668-BE54-9A1E7A4F7556}") = "R5T.Y0000", "..\..\R5T.Y0000\source\R5T.Y0000\R5T.Y0000.csproj", "{5211DFCA-7EAD-444C-A6AB-BE3E58C28DDE}"
EndProject
Project("{9A19103F-16F7-4668-BE54-9A1E7A4F7556}") = "R5T.Z0000", "..\..\R5T.Z0000\source\R5T.Z0000\R5T.Z0000.csproj", "{F10FC195-29DB-481C-8742-B8A84767AE61}"
EndProject
Project("{9A19103F-16F7-4668-BE54-9A1E7A4F7556}") = "R5T.L0031.T000", "..\..\R5T.L0031\source\R5T.L0031.T000\R5T.L0031.T000.csproj", "{A8581256-61F8-474E-8D44-01401D02F792}"
EndProject
Project("{9A19103F-16F7-4668-BE54-9A1E7A4F7556}") = "R5T.L0031", "..\..\R5T.L0031\source\R5T.L0031\R5T.L0031.csproj", "{7D52C69A-CAE3-4623-AF33-AC17D15B7FF9}"
EndProject
Project("{9A19103F-16F7-4668-BE54-9A1E7A4F7556}") = "R5T.F0002", "..\..\R5T.F0002\source\R5T.F0002\R5T.F0002.csproj", "{53C70692-E8D6-4B9B-903B-951647505B38}"
EndProject
Project("{9A19103F-16F7-4668-BE54-9A1E7A4F7556}") = "R5T.F0120", "..\..\R5T.F0120\source\R5T.F0120\R5T.F0120.csproj", "{E864B5D0-E5C3-47F8-8057-9B5995E4D9A9}"
EndProject
Project("{9A19103F-16F7-4668-BE54-9A1E7A4F7556}") = "R5T.L0030", "..\..\R5T.L0030\source\R5T.L0030\R5T.L0030.csproj", "{63BB8052-B660-4130-B83E-A66940EC95CF}"
EndProject
Project("{9A19103F-16F7-4668-BE54-9A1E7A4F7556}") = "R5T.T0141", "..\..\R5T.T0141\source\R5T.T0141\R5T.T0141.csproj", "{B10566AD-531C-43F4-AF8D-FDE00FB7FB68}"
EndProject
Project("{9A19103F-16F7-4668-BE54-9A1E7A4F7556}") = "R5T.T0180", "..\..\R5T.T0180\source\R5T.T0180\R5T.T0180.csproj", "{B0C130C0-68C5-408A-A5D5-B1E110E7CAA2}"
EndProject
Project("{9A19103F-16F7-4668-BE54-9A1E7A4F7556}") = "R5T.T0181", "..\..\R5T.T0181\source\R5T.T0181\R5T.T0181.csproj", "{51B13224-25A9-4B8B-9B8C-7DB1E65AAB72}"
EndProject
Project("{9A19103F-16F7-4668-BE54-9A1E7A4F7556}") = "R5T.T0172", "..\..\R5T.T0172\source\R5T.T0172\R5T.T0172.csproj", "{A42AD456-A289-4802-8B2A-C27D1966F761}"
EndProject
Project("{9A19103F-16F7-4668-BE54-9A1E7A4F7556}") = "R5T.L0030.T000", "..\..\R5T.L0030\source\R5T.L0030.T000\R5T.L0030.T000.csproj", "{221A2C6D-8B00-454F-850F-65657B5C2CB2}"
EndProject
Project("{9A19103F-16F7-4668-BE54-9A1E7A4F7556}") = "R5T.L0032.Z000", "..\..\R5T.L0032\source\R5T.L0032.Z000\R5T.L0032.Z000.csproj", "{55D647AA-1676-40BE-9EFE-674A069FEC44}"
EndProject
Project("{9A19103F-16F7-4668-BE54-9A1E7A4F7556}") = "R5T.Z0015", "..\..\R5T.Z0015\source\R5T.Z0015\R5T.Z0015.csproj", "{9B337A6B-BAA5-4798-9D30-6B502966C407}"
EndProject
Project("{9A19103F-16F7-4668-BE54-9A1E7A4F7556}") = "R5T.F0033", "..\..\R5T.F0033\source\R5T.F0033\R5T.F0033.csproj", "{7A1876F4-DC72-4CE0-A982-CCBE785B568A}"
EndProject
Project("{9A19103F-16F7-4668-BE54-9A1E7A4F7556}") = "R5T.L0035", "..\..\R5T.L0035\source\R5T.L0035\R5T.L0035.csproj", "{401275B4-A52B-4713-90E0-BC5CFDDB2D75}"
EndProject
Project("{9A19103F-16F7-4668-BE54-9A1E7A4F7556}") = "R5T.F0124", "..\..\R5T.F0124\source\R5T.F0124\R5T.F0124.csproj", "{9063D225-67F3-4BB6-9750-E440E2259FD4}"
EndProject
Project("{9A19103F-16F7-4668-BE54-9A1E7A4F7556}") = "R5T.F0125", "..\..\R5T.F0125\source\R5T.F0125\R5T.F0125.csproj", "{9CBFC8E2-D820-4BBD-9011-A97244D59E36}"
EndProject
Project("{9A19103F-16F7-4668-BE54-9A1E7A4F7556}") = "R5T.L0034", "..\..\R5T.L0034\source\R5T.L0034\R5T.L0034.csproj", "{3B0C8EA8-7C4B-4C26-AE8A-4DB9F209B5A4}"
EndProject
Project("{9A19103F-16F7-4668-BE54-9A1E7A4F7556}") = "R5T.T0137", "..\..\R5T.T0137\source\R5T.T0137\R5T.T0137.csproj", "{939DAF90-1B6C-4C21-9938-24D19021EC0C}"
EndProject
Global
	GlobalSection(SolutionConfigurationPlatforms) = preSolution
		Debug|Any CPU = Debug|Any CPU
		Release|Any CPU = Release|Any CPU
	EndGlobalSection
	GlobalSection(ProjectConfigurationPlatforms) = postSolution
		{BC4930D3-4F99-4F20-831E-E98A33E93FF2}.Debug|Any CPU.ActiveCfg = Debug|Any CPU
		{BC4930D3-4F99-4F20-831E-E98A33E93FF2}.Debug|Any CPU.Build.0 = Debug|Any CPU
		{BC4930D3-4F99-4F20-831E-E98A33E93FF2}.Release|Any CPU.ActiveCfg = Release|Any CPU
		{BC4930D3-4F99-4F20-831E-E98A33E93FF2}.Release|Any CPU.Build.0 = Release|Any CPU
		{B1295F64-7867-4EF1-91A8-0F5780CE7460}.Debug|Any CPU.ActiveCfg = Debug|Any CPU
		{B1295F64-7867-4EF1-91A8-0F5780CE7460}.Debug|Any CPU.Build.0 = Debug|Any CPU
		{B1295F64-7867-4EF1-91A8-0F5780CE7460}.Release|Any CPU.ActiveCfg = Release|Any CPU
		{B1295F64-7867-4EF1-91A8-0F5780CE7460}.Release|Any CPU.Build.0 = Release|Any CPU
		{9046F522-90C5-4FCA-80DD-0FE88C1CB7ED}.Debug|Any CPU.ActiveCfg = Debug|Any CPU
		{9046F522-90C5-4FCA-80DD-0FE88C1CB7ED}.Debug|Any CPU.Build.0 = Debug|Any CPU
		{9046F522-90C5-4FCA-80DD-0FE88C1CB7ED}.Release|Any CPU.ActiveCfg = Release|Any CPU
		{9046F522-90C5-4FCA-80DD-0FE88C1CB7ED}.Release|Any CPU.Build.0 = Release|Any CPU
		{7A36A8CB-A77A-466D-A7BF-3A21667892C4}.Debug|Any CPU.ActiveCfg = Debug|Any CPU
		{7A36A8CB-A77A-466D-A7BF-3A21667892C4}.Debug|Any CPU.Build.0 = Debug|Any CPU
		{7A36A8CB-A77A-466D-A7BF-3A21667892C4}.Release|Any CPU.ActiveCfg = Release|Any CPU
		{7A36A8CB-A77A-466D-A7BF-3A21667892C4}.Release|Any CPU.Build.0 = Release|Any CPU
		{DF4F44C8-6E10-48DE-BA79-1B6726EEE2C9}.Debug|Any CPU.ActiveCfg = Debug|Any CPU
		{DF4F44C8-6E10-48DE-BA79-1B6726EEE2C9}.Debug|Any CPU.Build.0 = Debug|Any CPU
		{DF4F44C8-6E10-48DE-BA79-1B6726EEE2C9}.Release|Any CPU.ActiveCfg = Release|Any CPU
		{DF4F44C8-6E10-48DE-BA79-1B6726EEE2C9}.Release|Any CPU.Build.0 = Release|Any CPU
		{E54F6B06-400B-4B41-907D-1660F65E1BFF}.Debug|Any CPU.ActiveCfg = Debug|Any CPU
		{E54F6B06-400B-4B41-907D-1660F65E1BFF}.Debug|Any CPU.Build.0 = Debug|Any CPU
		{E54F6B06-400B-4B41-907D-1660F65E1BFF}.Release|Any CPU.ActiveCfg = Release|Any CPU
		{E54F6B06-400B-4B41-907D-1660F65E1BFF}.Release|Any CPU.Build.0 = Release|Any CPU
		{FC20526E-A769-4B55-BB25-6F0BD58510D5}.Debug|Any CPU.ActiveCfg = Debug|Any CPU
		{FC20526E-A769-4B55-BB25-6F0BD58510D5}.Debug|Any CPU.Build.0 = Debug|Any CPU
		{FC20526E-A769-4B55-BB25-6F0BD58510D5}.Release|Any CPU.ActiveCfg = Release|Any CPU
		{FC20526E-A769-4B55-BB25-6F0BD58510D5}.Release|Any CPU.Build.0 = Release|Any CPU
		{DE27EEDA-79A1-4BF8-9FA2-D487DEB5AE3C}.Debug|Any CPU.ActiveCfg = Debug|Any CPU
		{DE27EEDA-79A1-4BF8-9FA2-D487DEB5AE3C}.Debug|Any CPU.Build.0 = Debug|Any CPU
		{DE27EEDA-79A1-4BF8-9FA2-D487DEB5AE3C}.Release|Any CPU.ActiveCfg = Release|Any CPU
		{DE27EEDA-79A1-4BF8-9FA2-D487DEB5AE3C}.Release|Any CPU.Build.0 = Release|Any CPU
		{424478FD-F3ED-4CFE-84C9-7774E623BB8C}.Debug|Any CPU.ActiveCfg = Debug|Any CPU
		{424478FD-F3ED-4CFE-84C9-7774E623BB8C}.Debug|Any CPU.Build.0 = Debug|Any CPU
		{424478FD-F3ED-4CFE-84C9-7774E623BB8C}.Release|Any CPU.ActiveCfg = Release|Any CPU
		{424478FD-F3ED-4CFE-84C9-7774E623BB8C}.Release|Any CPU.Build.0 = Release|Any CPU
		{6E2CF4EE-AF75-4B65-8EAB-42D7B5AE9AA9}.Debug|Any CPU.ActiveCfg = Debug|Any CPU
		{6E2CF4EE-AF75-4B65-8EAB-42D7B5AE9AA9}.Debug|Any CPU.Build.0 = Debug|Any CPU
		{6E2CF4EE-AF75-4B65-8EAB-42D7B5AE9AA9}.Release|Any CPU.ActiveCfg = Release|Any CPU
		{6E2CF4EE-AF75-4B65-8EAB-42D7B5AE9AA9}.Release|Any CPU.Build.0 = Release|Any CPU
		{092121BA-39B8-4300-85AB-330B1654E694}.Debug|Any CPU.ActiveCfg = Debug|Any CPU
		{092121BA-39B8-4300-85AB-330B1654E694}.Debug|Any CPU.Build.0 = Debug|Any CPU
		{092121BA-39B8-4300-85AB-330B1654E694}.Release|Any CPU.ActiveCfg = Release|Any CPU
		{092121BA-39B8-4300-85AB-330B1654E694}.Release|Any CPU.Build.0 = Release|Any CPU
		{CA87955B-B72F-42FF-A3F9-E86936AA83F2}.Debug|Any CPU.ActiveCfg = Debug|Any CPU
		{CA87955B-B72F-42FF-A3F9-E86936AA83F2}.Debug|Any CPU.Build.0 = Debug|Any CPU
		{CA87955B-B72F-42FF-A3F9-E86936AA83F2}.Release|Any CPU.ActiveCfg = Release|Any CPU
		{CA87955B-B72F-42FF-A3F9-E86936AA83F2}.Release|Any CPU.Build.0 = Release|Any CPU
		{5211DFCA-7EAD-444C-A6AB-BE3E58C28DDE}.Debug|Any CPU.ActiveCfg = Debug|Any CPU
		{5211DFCA-7EAD-444C-A6AB-BE3E58C28DDE}.Debug|Any CPU.Build.0 = Debug|Any CPU
		{5211DFCA-7EAD-444C-A6AB-BE3E58C28DDE}.Release|Any CPU.ActiveCfg = Release|Any CPU
		{5211DFCA-7EAD-444C-A6AB-BE3E58C28DDE}.Release|Any CPU.Build.0 = Release|Any CPU
		{F10FC195-29DB-481C-8742-B8A84767AE61}.Debug|Any CPU.ActiveCfg = Debug|Any CPU
		{F10FC195-29DB-481C-8742-B8A84767AE61}.Debug|Any CPU.Build.0 = Debug|Any CPU
		{F10FC195-29DB-481C-8742-B8A84767AE61}.Release|Any CPU.ActiveCfg = Release|Any CPU
		{F10FC195-29DB-481C-8742-B8A84767AE61}.Release|Any CPU.Build.0 = Release|Any CPU
		{A8581256-61F8-474E-8D44-01401D02F792}.Debug|Any CPU.ActiveCfg = Debug|Any CPU
		{A8581256-61F8-474E-8D44-01401D02F792}.Debug|Any CPU.Build.0 = Debug|Any CPU
		{A8581256-61F8-474E-8D44-01401D02F792}.Release|Any CPU.ActiveCfg = Release|Any CPU
		{A8581256-61F8-474E-8D44-01401D02F792}.Release|Any CPU.Build.0 = Release|Any CPU
		{7D52C69A-CAE3-4623-AF33-AC17D15B7FF9}.Debug|Any CPU.ActiveCfg = Debug|Any CPU
		{7D52C69A-CAE3-4623-AF33-AC17D15B7FF9}.Debug|Any CPU.Build.0 = Debug|Any CPU
		{7D52C69A-CAE3-4623-AF33-AC17D15B7FF9}.Release|Any CPU.ActiveCfg = Release|Any CPU
		{7D52C69A-CAE3-4623-AF33-AC17D15B7FF9}.Release|Any CPU.Build.0 = Release|Any CPU
		{53C70692-E8D6-4B9B-903B-951647505B38}.Debug|Any CPU.ActiveCfg = Debug|Any CPU
		{53C70692-E8D6-4B9B-903B-951647505B38}.Debug|Any CPU.Build.0 = Debug|Any CPU
		{53C70692-E8D6-4B9B-903B-951647505B38}.Release|Any CPU.ActiveCfg = Release|Any CPU
		{53C70692-E8D6-4B9B-903B-951647505B38}.Release|Any CPU.Build.0 = Release|Any CPU
		{E864B5D0-E5C3-47F8-8057-9B5995E4D9A9}.Debug|Any CPU.ActiveCfg = Debug|Any CPU
		{E864B5D0-E5C3-47F8-8057-9B5995E4D9A9}.Debug|Any CPU.Build.0 = Debug|Any CPU
		{E864B5D0-E5C3-47F8-8057-9B5995E4D9A9}.Release|Any CPU.ActiveCfg = Release|Any CPU
		{E864B5D0-E5C3-47F8-8057-9B5995E4D9A9}.Release|Any CPU.Build.0 = Release|Any CPU
		{63BB8052-B660-4130-B83E-A66940EC95CF}.Debug|Any CPU.ActiveCfg = Debug|Any CPU
		{63BB8052-B660-4130-B83E-A66940EC95CF}.Debug|Any CPU.Build.0 = Debug|Any CPU
		{63BB8052-B660-4130-B83E-A66940EC95CF}.Release|Any CPU.ActiveCfg = Release|Any CPU
		{63BB8052-B660-4130-B83E-A66940EC95CF}.Release|Any CPU.Build.0 = Release|Any CPU
		{B10566AD-531C-43F4-AF8D-FDE00FB7FB68}.Debug|Any CPU.ActiveCfg = Debug|Any CPU
		{B10566AD-531C-43F4-AF8D-FDE00FB7FB68}.Debug|Any CPU.Build.0 = Debug|Any CPU
		{B10566AD-531C-43F4-AF8D-FDE00FB7FB68}.Release|Any CPU.ActiveCfg = Release|Any CPU
		{B10566AD-531C-43F4-AF8D-FDE00FB7FB68}.Release|Any CPU.Build.0 = Release|Any CPU
		{B0C130C0-68C5-408A-A5D5-B1E110E7CAA2}.Debug|Any CPU.ActiveCfg = Debug|Any CPU
		{B0C130C0-68C5-408A-A5D5-B1E110E7CAA2}.Debug|Any CPU.Build.0 = Debug|Any CPU
		{B0C130C0-68C5-408A-A5D5-B1E110E7CAA2}.Release|Any CPU.ActiveCfg = Release|Any CPU
		{B0C130C0-68C5-408A-A5D5-B1E110E7CAA2}.Release|Any CPU.Build.0 = Release|Any CPU
		{51B13224-25A9-4B8B-9B8C-7DB1E65AAB72}.Debug|Any CPU.ActiveCfg = Debug|Any CPU
		{51B13224-25A9-4B8B-9B8C-7DB1E65AAB72}.Debug|Any CPU.Build.0 = Debug|Any CPU
		{51B13224-25A9-4B8B-9B8C-7DB1E65AAB72}.Release|Any CPU.ActiveCfg = Release|Any CPU
		{51B13224-25A9-4B8B-9B8C-7DB1E65AAB72}.Release|Any CPU.Build.0 = Release|Any CPU
		{A42AD456-A289-4802-8B2A-C27D1966F761}.Debug|Any CPU.ActiveCfg = Debug|Any CPU
		{A42AD456-A289-4802-8B2A-C27D1966F761}.Debug|Any CPU.Build.0 = Debug|Any CPU
		{A42AD456-A289-4802-8B2A-C27D1966F761}.Release|Any CPU.ActiveCfg = Release|Any CPU
		{A42AD456-A289-4802-8B2A-C27D1966F761}.Release|Any CPU.Build.0 = Release|Any CPU
		{221A2C6D-8B00-454F-850F-65657B5C2CB2}.Debug|Any CPU.ActiveCfg = Debug|Any CPU
		{221A2C6D-8B00-454F-850F-65657B5C2CB2}.Debug|Any CPU.Build.0 = Debug|Any CPU
		{221A2C6D-8B00-454F-850F-65657B5C2CB2}.Release|Any CPU.ActiveCfg = Release|Any CPU
		{221A2C6D-8B00-454F-850F-65657B5C2CB2}.Release|Any CPU.Build.0 = Release|Any CPU
		{55D647AA-1676-40BE-9EFE-674A069FEC44}.Debug|Any CPU.ActiveCfg = Debug|Any CPU
		{55D647AA-1676-40BE-9EFE-674A069FEC44}.Debug|Any CPU.Build.0 = Debug|Any CPU
		{55D647AA-1676-40BE-9EFE-674A069FEC44}.Release|Any CPU.ActiveCfg = Release|Any CPU
		{55D647AA-1676-40BE-9EFE-674A069FEC44}.Release|Any CPU.Build.0 = Release|Any CPU
		{9B337A6B-BAA5-4798-9D30-6B502966C407}.Debug|Any CPU.ActiveCfg = Debug|Any CPU
		{9B337A6B-BAA5-4798-9D30-6B502966C407}.Debug|Any CPU.Build.0 = Debug|Any CPU
		{9B337A6B-BAA5-4798-9D30-6B502966C407}.Release|Any CPU.ActiveCfg = Release|Any CPU
		{9B337A6B-BAA5-4798-9D30-6B502966C407}.Release|Any CPU.Build.0 = Release|Any CPU
		{7A1876F4-DC72-4CE0-A982-CCBE785B568A}.Debug|Any CPU.ActiveCfg = Debug|Any CPU
		{7A1876F4-DC72-4CE0-A982-CCBE785B568A}.Debug|Any CPU.Build.0 = Debug|Any CPU
		{7A1876F4-DC72-4CE0-A982-CCBE785B568A}.Release|Any CPU.ActiveCfg = Release|Any CPU
		{7A1876F4-DC72-4CE0-A982-CCBE785B568A}.Release|Any CPU.Build.0 = Release|Any CPU
		{401275B4-A52B-4713-90E0-BC5CFDDB2D75}.Debug|Any CPU.ActiveCfg = Debug|Any CPU
		{401275B4-A52B-4713-90E0-BC5CFDDB2D75}.Debug|Any CPU.Build.0 = Debug|Any CPU
		{401275B4-A52B-4713-90E0-BC5CFDDB2D75}.Release|Any CPU.ActiveCfg = Release|Any CPU
		{401275B4-A52B-4713-90E0-BC5CFDDB2D75}.Release|Any CPU.Build.0 = Release|Any CPU
		{9063D225-67F3-4BB6-9750-E440E2259FD4}.Debug|Any CPU.ActiveCfg = Debug|Any CPU
		{9063D225-67F3-4BB6-9750-E440E2259FD4}.Debug|Any CPU.Build.0 = Debug|Any CPU
		{9063D225-67F3-4BB6-9750-E440E2259FD4}.Release|Any CPU.ActiveCfg = Release|Any CPU
		{9063D225-67F3-4BB6-9750-E440E2259FD4}.Release|Any CPU.Build.0 = Release|Any CPU
		{9CBFC8E2-D820-4BBD-9011-A97244D59E36}.Debug|Any CPU.ActiveCfg = Debug|Any CPU
		{9CBFC8E2-D820-4BBD-9011-A97244D59E36}.Debug|Any CPU.Build.0 = Debug|Any CPU
		{9CBFC8E2-D820-4BBD-9011-A97244D59E36}.Release|Any CPU.ActiveCfg = Release|Any CPU
		{9CBFC8E2-D820-4BBD-9011-A97244D59E36}.Release|Any CPU.Build.0 = Release|Any CPU
		{3B0C8EA8-7C4B-4C26-AE8A-4DB9F209B5A4}.Debug|Any CPU.ActiveCfg = Debug|Any CPU
		{3B0C8EA8-7C4B-4C26-AE8A-4DB9F209B5A4}.Debug|Any CPU.Build.0 = Debug|Any CPU
		{3B0C8EA8-7C4B-4C26-AE8A-4DB9F209B5A4}.Release|Any CPU.ActiveCfg = Release|Any CPU
		{3B0C8EA8-7C4B-4C26-AE8A-4DB9F209B5A4}.Release|Any CPU.Build.0 = Release|Any CPU
		{939DAF90-1B6C-4C21-9938-24D19021EC0C}.Debug|Any CPU.ActiveCfg = Debug|Any CPU
		{939DAF90-1B6C-4C21-9938-24D19021EC0C}.Debug|Any CPU.Build.0 = Debug|Any CPU
		{939DAF90-1B6C-4C21-9938-24D19021EC0C}.Release|Any CPU.ActiveCfg = Release|Any CPU
		{939DAF90-1B6C-4C21-9938-24D19021EC0C}.Release|Any CPU.Build.0 = Release|Any CPU
	EndGlobalSection
	GlobalSection(SolutionProperties) = preSolution
		HideSolutionNode = FALSE
	EndGlobalSection
	GlobalSection(NestedProjects) = preSolution
		{9046F522-90C5-4FCA-80DD-0FE88C1CB7ED} = {71D3B317-4E4D-4D9A-BDAC-475B5BA57BB3}
		{7A36A8CB-A77A-466D-A7BF-3A21667892C4} = {71D3B317-4E4D-4D9A-BDAC-475B5BA57BB3}
		{DF4F44C8-6E10-48DE-BA79-1B6726EEE2C9} = {71D3B317-4E4D-4D9A-BDAC-475B5BA57BB3}
		{E54F6B06-400B-4B41-907D-1660F65E1BFF} = {71D3B317-4E4D-4D9A-BDAC-475B5BA57BB3}
		{FC20526E-A769-4B55-BB25-6F0BD58510D5} = {71D3B317-4E4D-4D9A-BDAC-475B5BA57BB3}
		{DE27EEDA-79A1-4BF8-9FA2-D487DEB5AE3C} = {71D3B317-4E4D-4D9A-BDAC-475B5BA57BB3}
		{424478FD-F3ED-4CFE-84C9-7774E623BB8C} = {71D3B317-4E4D-4D9A-BDAC-475B5BA57BB3}
		{6E2CF4EE-AF75-4B65-8EAB-42D7B5AE9AA9} = {71D3B317-4E4D-4D9A-BDAC-475B5BA57BB3}
		{092121BA-39B8-4300-85AB-330B1654E694} = {71D3B317-4E4D-4D9A-BDAC-475B5BA57BB3}
		{CA87955B-B72F-42FF-A3F9-E86936AA83F2} = {71D3B317-4E4D-4D9A-BDAC-475B5BA57BB3}
		{5211DFCA-7EAD-444C-A6AB-BE3E58C28DDE} = {71D3B317-4E4D-4D9A-BDAC-475B5BA57BB3}
		{F10FC195-29DB-481C-8742-B8A84767AE61} = {71D3B317-4E4D-4D9A-BDAC-475B5BA57BB3}
		{A8581256-61F8-474E-8D44-01401D02F792} = {71D3B317-4E4D-4D9A-BDAC-475B5BA57BB3}
		{7D52C69A-CAE3-4623-AF33-AC17D15B7FF9} = {71D3B317-4E4D-4D9A-BDAC-475B5BA57BB3}
		{53C70692-E8D6-4B9B-903B-951647505B38} = {71D3B317-4E4D-4D9A-BDAC-475B5BA57BB3}
		{E864B5D0-E5C3-47F8-8057-9B5995E4D9A9} = {71D3B317-4E4D-4D9A-BDAC-475B5BA57BB3}
		{63BB8052-B660-4130-B83E-A66940EC95CF} = {71D3B317-4E4D-4D9A-BDAC-475B5BA57BB3}
		{B10566AD-531C-43F4-AF8D-FDE00FB7FB68} = {71D3B317-4E4D-4D9A-BDAC-475B5BA57BB3}
		{B0C130C0-68C5-408A-A5D5-B1E110E7CAA2} = {71D3B317-4E4D-4D9A-BDAC-475B5BA57BB3}
		{51B13224-25A9-4B8B-9B8C-7DB1E65AAB72} = {71D3B317-4E4D-4D9A-BDAC-475B5BA57BB3}
		{A42AD456-A289-4802-8B2A-C27D1966F761} = {71D3B317-4E4D-4D9A-BDAC-475B5BA57BB3}
		{221A2C6D-8B00-454F-850F-65657B5C2CB2} = {71D3B317-4E4D-4D9A-BDAC-475B5BA57BB3}
		{55D647AA-1676-40BE-9EFE-674A069FEC44} = {71D3B317-4E4D-4D9A-BDAC-475B5BA57BB3}
		{9B337A6B-BAA5-4798-9D30-6B502966C407} = {71D3B317-4E4D-4D9A-BDAC-475B5BA57BB3}
		{7A1876F4-DC72-4CE0-A982-CCBE785B568A} = {71D3B317-4E4D-4D9A-BDAC-475B5BA57BB3}
		{401275B4-A52B-4713-90E0-BC5CFDDB2D75} = {71D3B317-4E4D-4D9A-BDAC-475B5BA57BB3}
		{9063D225-67F3-4BB6-9750-E440E2259FD4} = {71D3B317-4E4D-4D9A-BDAC-475B5BA57BB3}
		{9CBFC8E2-D820-4BBD-9011-A97244D59E36} = {71D3B317-4E4D-4D9A-BDAC-475B5BA57BB3}
		{3B0C8EA8-7C4B-4C26-AE8A-4DB9F209B5A4} = {71D3B317-4E4D-4D9A-BDAC-475B5BA57BB3}
		{939DAF90-1B6C-4C21-9938-24D19021EC0C} = {71D3B317-4E4D-4D9A-BDAC-475B5BA57BB3}
	EndGlobalSection
	GlobalSection(ExtensibilityGlobals) = postSolution
		SolutionGuid = {486AB39D-F2A2-43BD-9976-77B1B6568ABB}
	EndGlobalSection
EndGlobal
