
Microsoft Visual Studio Solution File, Format Version 12.00
# Visual Studio Version 17
VisualStudioVersion = 17.2.32630.192
MinimumVisualStudioVersion = 10.0.40219.1
Project("{9A19103F-16F7-4668-BE54-9A1E7A4F7556}") = "R5T.L0033", "R5T.L0033\R5T.L0033.csproj", "{30BB2725-0997-4789-B67E-2F75FFE91F3D}"
EndProject
Project("{2150E333-8FDC-42A3-9474-1A3956D46DE8}") = "_Dependencies", "_Dependencies", "{072C2F84-692D-4DBE-B69E-8AE67FE06FF7}"
EndProject
Project("{9A19103F-16F7-4668-BE54-9A1E7A4F7556}") = "R5T.F0000", "..\..\R5T.F0000\source\R5T.F0000\R5T.F0000.csproj", "{7B74E0C6-468D-41A1-91D8-EA0AB4964D99}"
EndProject
Project("{9A19103F-16F7-4668-BE54-9A1E7A4F7556}") = "R5T.L0032.T000", "..\..\R5T.L0032\source\R5T.L0032.T000\R5T.L0032.T000.csproj", "{21BF22DD-CD03-4CF0-9012-050B323A3957}"
EndProject
Project("{9A19103F-16F7-4668-BE54-9A1E7A4F7556}") = "R5T.L0032", "..\..\R5T.L0032\source\R5T.L0032\R5T.L0032.csproj", "{98A2B4EA-2BFB-46A1-A024-120132A13496}"
EndProject
Project("{9A19103F-16F7-4668-BE54-9A1E7A4F7556}") = "R5T.T0131", "..\..\R5T.T0131\source\R5T.T0131\R5T.T0131.csproj", "{ED457DA9-1010-4493-A60C-2E919E9A32B5}"
EndProject
Project("{9A19103F-16F7-4668-BE54-9A1E7A4F7556}") = "R5T.T0132", "..\..\R5T.T0132\source\R5T.T0132\R5T.T0132.csproj", "{EDD40D00-B7DB-4A3C-ACB6-695D721916CE}"
EndProject
Project("{9A19103F-16F7-4668-BE54-9A1E7A4F7556}") = "R5T.T0142", "..\..\R5T.T0142\source\R5T.T0142\R5T.T0142.csproj", "{F86B538F-70D5-4A59-9492-186EF8445850}"
EndProject
Project("{9A19103F-16F7-4668-BE54-9A1E7A4F7556}") = "R5T.T0143", "..\..\R5T.T0143\source\R5T.T0143\R5T.T0143.csproj", "{B24F0107-86AD-4B9A-A8D6-33F546EAB705}"
EndProject
Project("{9A19103F-16F7-4668-BE54-9A1E7A4F7556}") = "R5T.T0156", "..\..\R5T.T0156\source\R5T.T0156\R5T.T0156.csproj", "{0D6E8AFF-875A-4E32-BEB8-13E61625DEEF}"
EndProject
Project("{9A19103F-16F7-4668-BE54-9A1E7A4F7556}") = "R5T.T0178", "..\..\R5T.T0178\source\R5T.T0178\R5T.T0178.csproj", "{938293F5-3C5D-4FEF-9AE2-64A9B5EF8450}"
EndProject
Project("{9A19103F-16F7-4668-BE54-9A1E7A4F7556}") = "R5T.T0179", "..\..\R5T.T0179\source\R5T.T0179\R5T.T0179.csproj", "{D90736A6-6767-41DF-830C-270E3FC4223E}"
EndProject
Project("{9A19103F-16F7-4668-BE54-9A1E7A4F7556}") = "R5T.Y0000", "..\..\R5T.Y0000\source\R5T.Y0000\R5T.Y0000.csproj", "{7366D138-15E6-48D9-A22F-9126819034E7}"
EndProject
Project("{9A19103F-16F7-4668-BE54-9A1E7A4F7556}") = "R5T.Z0000", "..\..\R5T.Z0000\source\R5T.Z0000\R5T.Z0000.csproj", "{BD32DC34-26CB-4F38-9EC4-2017FBAA14EA}"
EndProject
Project("{9A19103F-16F7-4668-BE54-9A1E7A4F7556}") = "R5T.L0031.T000", "..\..\R5T.L0031\source\R5T.L0031.T000\R5T.L0031.T000.csproj", "{CDA68099-83CE-4FA1-BCF4-5A1C1D39E214}"
EndProject
Project("{9A19103F-16F7-4668-BE54-9A1E7A4F7556}") = "R5T.L0031", "..\..\R5T.L0031\source\R5T.L0031\R5T.L0031.csproj", "{4E3C1FD4-DB60-40FF-851E-831CC4876DFB}"
EndProject
Project("{9A19103F-16F7-4668-BE54-9A1E7A4F7556}") = "R5T.F0002", "..\..\R5T.F0002\source\R5T.F0002\R5T.F0002.csproj", "{0C72BACD-09B6-4E0E-9586-1D6CB747ECD3}"
EndProject
Project("{9A19103F-16F7-4668-BE54-9A1E7A4F7556}") = "R5T.F0120", "..\..\R5T.F0120\source\R5T.F0120\R5T.F0120.csproj", "{86CCE508-A510-4649-99B2-5B3F44364E3B}"
EndProject
Project("{9A19103F-16F7-4668-BE54-9A1E7A4F7556}") = "R5T.L0030", "..\..\R5T.L0030\source\R5T.L0030\R5T.L0030.csproj", "{02E4ADEA-58ED-4D0D-AA47-4982F3F4A5E1}"
EndProject
Project("{9A19103F-16F7-4668-BE54-9A1E7A4F7556}") = "R5T.T0141", "..\..\R5T.T0141\source\R5T.T0141\R5T.T0141.csproj", "{27DA6B8E-7FC6-4BE3-A136-36CD990DF922}"
EndProject
Project("{9A19103F-16F7-4668-BE54-9A1E7A4F7556}") = "R5T.T0172", "..\..\R5T.T0172\source\R5T.T0172\R5T.T0172.csproj", "{F0A5F94A-949F-4816-89AF-D39EFBEAC38A}"
EndProject
Project("{9A19103F-16F7-4668-BE54-9A1E7A4F7556}") = "R5T.T0180", "..\..\R5T.T0180\source\R5T.T0180\R5T.T0180.csproj", "{7EA9FAFE-37D5-4D5F-B083-FB32EF9881F1}"
EndProject
Project("{9A19103F-16F7-4668-BE54-9A1E7A4F7556}") = "R5T.T0181", "..\..\R5T.T0181\source\R5T.T0181\R5T.T0181.csproj", "{113DF876-F454-4F9E-AADA-42EBF5F45533}"
EndProject
Project("{9A19103F-16F7-4668-BE54-9A1E7A4F7556}") = "R5T.F0124", "..\..\R5T.F0124\source\R5T.F0124\R5T.F0124.csproj", "{8166DA21-756E-45DA-8DA2-A579B2653162}"
EndProject
Project("{9A19103F-16F7-4668-BE54-9A1E7A4F7556}") = "R5T.L0030.T000", "..\..\R5T.L0030\source\R5T.L0030.T000\R5T.L0030.T000.csproj", "{C2B2BC30-5D3E-4897-9CAA-5E863298B612}"
EndProject
Project("{9A19103F-16F7-4668-BE54-9A1E7A4F7556}") = "R5T.L0032.Z000", "..\..\R5T.L0032\source\R5T.L0032.Z000\R5T.L0032.Z000.csproj", "{DEF9871D-861A-42B6-B024-CF5A170479DA}"
EndProject
Project("{9A19103F-16F7-4668-BE54-9A1E7A4F7556}") = "R5T.L0034", "..\..\R5T.L0034\source\R5T.L0034\R5T.L0034.csproj", "{12B18D84-1BF2-45D6-B85F-9A2AFC911094}"
EndProject
Project("{9A19103F-16F7-4668-BE54-9A1E7A4F7556}") = "R5T.T0137", "..\..\R5T.T0137\source\R5T.T0137\R5T.T0137.csproj", "{FBDBFB40-B5DC-406C-AE6E-E6CC08E3FDC0}"
EndProject
Project("{9A19103F-16F7-4668-BE54-9A1E7A4F7556}") = "R5T.T0150", "..\..\R5T.T0150\source\R5T.T0150\R5T.T0150.csproj", "{42021DDA-9E53-472F-AEED-D14F3BBA1CBE}"
EndProject
Project("{9A19103F-16F7-4668-BE54-9A1E7A4F7556}") = "R5T.T0151", "..\..\R5T.T0151\source\R5T.T0151\R5T.T0151.csproj", "{49409C59-5CA8-4919-886F-1A354403F3B5}"
EndProject
Project("{9A19103F-16F7-4668-BE54-9A1E7A4F7556}") = "R5T.T0174", "..\..\R5T.T0174\source\R5T.T0174\R5T.T0174.csproj", "{81CDCBFE-75E3-4677-9F43-7A7CB79ED2C8}"
EndProject
Project("{9A19103F-16F7-4668-BE54-9A1E7A4F7556}") = "R5T.T0176", "..\..\R5T.T0176\source\R5T.T0176\R5T.T0176.csproj", "{79960D63-D30F-486F-B6E1-94B38912790D}"
EndProject
Project("{9A19103F-16F7-4668-BE54-9A1E7A4F7556}") = "R5T.T0177", "..\..\R5T.T0177\source\R5T.T0177\R5T.T0177.csproj", "{FCA07318-5FB3-49AF-8D38-1C3236BBC72C}"
EndProject
Project("{9A19103F-16F7-4668-BE54-9A1E7A4F7556}") = "R5T.L0033.T000", "R5T.L0033.T000\R5T.L0033.T000.csproj", "{681DC410-2012-48B9-9AD9-B37282B936CD}"
EndProject
Project("{9A19103F-16F7-4668-BE54-9A1E7A4F7556}") = "R5T.F0125", "..\..\R5T.F0125\source\R5T.F0125\R5T.F0125.csproj", "{E4014C2A-C3C7-4BE1-B725-C196CFD449FA}"
EndProject
Project("{9A19103F-16F7-4668-BE54-9A1E7A4F7556}") = "R5T.L0035", "..\..\R5T.L0035\source\R5T.L0035\R5T.L0035.csproj", "{2F7F93E8-4A7E-403F-A3D7-10763C64ECC8}"
EndProject
Project("{9A19103F-16F7-4668-BE54-9A1E7A4F7556}") = "R5T.T0185", "..\..\R5T.T0185\source\R5T.T0185\R5T.T0185.csproj", "{5FB8C9F0-921C-4DC8-AE27-48A1BCF81C79}"
EndProject
Project("{9A19103F-16F7-4668-BE54-9A1E7A4F7556}") = "R5T.T0187", "..\..\R5T.T0187\source\R5T.T0187\R5T.T0187.csproj", "{BA23AD96-D594-4F8D-B25F-BDE4122BCA06}"
EndProject
Project("{9A19103F-16F7-4668-BE54-9A1E7A4F7556}") = "R5T.T0198", "..\..\R5T.T0198\source\R5T.T0198\R5T.T0198.csproj", "{89978066-9A3C-4AAA-8323-5C51782680E8}"
EndProject
Project("{9A19103F-16F7-4668-BE54-9A1E7A4F7556}") = "R5T.T0202", "..\..\R5T.T0202\source\R5T.T0202\R5T.T0202.csproj", "{3DE94B46-E1EE-4E55-97E5-0C2B5C83D3BF}"
EndProject
Project("{9A19103F-16F7-4668-BE54-9A1E7A4F7556}") = "R5T.Z0048", "..\..\R5T.Z0048\source\R5T.Z0048\R5T.Z0048.csproj", "{14D5681E-C648-4FFE-A3B2-23ECF6D24BC4}"
EndProject
Project("{9A19103F-16F7-4668-BE54-9A1E7A4F7556}") = "R5T.T0203", "..\..\R5T.T0203\source\R5T.T0203\R5T.T0203.csproj", "{C0C9695D-1605-4D5D-8C7D-45CF34ED29BF}"
EndProject
Project("{9A19103F-16F7-4668-BE54-9A1E7A4F7556}") = "R5T.T0205", "..\..\R5T.T0205\source\R5T.T0205\R5T.T0205.csproj", "{CDFAAACA-8B2F-4A08-B064-0ED2029F4AFD}"
EndProject
Project("{9A19103F-16F7-4668-BE54-9A1E7A4F7556}") = "R5T.Z0050", "..\..\R5T.Z0050\source\R5T.Z0050\R5T.Z0050.csproj", "{179CC07B-76E4-4B2A-81A9-2E29AB51AE8F}"
EndProject
Project("{9A19103F-16F7-4668-BE54-9A1E7A4F7556}") = "R5T.T0206", "..\..\R5T.T0206\source\R5T.T0206\R5T.T0206.csproj", "{E35E13B5-D679-4A04-A807-1654D4D94C3E}"
EndProject
Project("{9A19103F-16F7-4668-BE54-9A1E7A4F7556}") = "R5T.Z0051", "..\..\R5T.Z0051\source\R5T.Z0051\R5T.Z0051.csproj", "{106D093A-DB54-48E8-9DB1-C4328FFF53DB}"
EndProject
Global
	GlobalSection(NestedProjects) = preSolution
		{7B74E0C6-468D-41A1-91D8-EA0AB4964D99} = {072C2F84-692D-4DBE-B69E-8AE67FE06FF7}
		{21BF22DD-CD03-4CF0-9012-050B323A3957} = {072C2F84-692D-4DBE-B69E-8AE67FE06FF7}
		{98A2B4EA-2BFB-46A1-A024-120132A13496} = {072C2F84-692D-4DBE-B69E-8AE67FE06FF7}
		{ED457DA9-1010-4493-A60C-2E919E9A32B5} = {072C2F84-692D-4DBE-B69E-8AE67FE06FF7}
		{EDD40D00-B7DB-4A3C-ACB6-695D721916CE} = {072C2F84-692D-4DBE-B69E-8AE67FE06FF7}
		{F86B538F-70D5-4A59-9492-186EF8445850} = {072C2F84-692D-4DBE-B69E-8AE67FE06FF7}
		{B24F0107-86AD-4B9A-A8D6-33F546EAB705} = {072C2F84-692D-4DBE-B69E-8AE67FE06FF7}
		{0D6E8AFF-875A-4E32-BEB8-13E61625DEEF} = {072C2F84-692D-4DBE-B69E-8AE67FE06FF7}
		{938293F5-3C5D-4FEF-9AE2-64A9B5EF8450} = {072C2F84-692D-4DBE-B69E-8AE67FE06FF7}
		{D90736A6-6767-41DF-830C-270E3FC4223E} = {072C2F84-692D-4DBE-B69E-8AE67FE06FF7}
		{7366D138-15E6-48D9-A22F-9126819034E7} = {072C2F84-692D-4DBE-B69E-8AE67FE06FF7}
		{BD32DC34-26CB-4F38-9EC4-2017FBAA14EA} = {072C2F84-692D-4DBE-B69E-8AE67FE06FF7}
		{CDA68099-83CE-4FA1-BCF4-5A1C1D39E214} = {072C2F84-692D-4DBE-B69E-8AE67FE06FF7}
		{4E3C1FD4-DB60-40FF-851E-831CC4876DFB} = {072C2F84-692D-4DBE-B69E-8AE67FE06FF7}
		{0C72BACD-09B6-4E0E-9586-1D6CB747ECD3} = {072C2F84-692D-4DBE-B69E-8AE67FE06FF7}
		{86CCE508-A510-4649-99B2-5B3F44364E3B} = {072C2F84-692D-4DBE-B69E-8AE67FE06FF7}
		{02E4ADEA-58ED-4D0D-AA47-4982F3F4A5E1} = {072C2F84-692D-4DBE-B69E-8AE67FE06FF7}
		{27DA6B8E-7FC6-4BE3-A136-36CD990DF922} = {072C2F84-692D-4DBE-B69E-8AE67FE06FF7}
		{F0A5F94A-949F-4816-89AF-D39EFBEAC38A} = {072C2F84-692D-4DBE-B69E-8AE67FE06FF7}
		{7EA9FAFE-37D5-4D5F-B083-FB32EF9881F1} = {072C2F84-692D-4DBE-B69E-8AE67FE06FF7}
		{113DF876-F454-4F9E-AADA-42EBF5F45533} = {072C2F84-692D-4DBE-B69E-8AE67FE06FF7}
		{8166DA21-756E-45DA-8DA2-A579B2653162} = {072C2F84-692D-4DBE-B69E-8AE67FE06FF7}
		{C2B2BC30-5D3E-4897-9CAA-5E863298B612} = {072C2F84-692D-4DBE-B69E-8AE67FE06FF7}
		{DEF9871D-861A-42B6-B024-CF5A170479DA} = {072C2F84-692D-4DBE-B69E-8AE67FE06FF7}
		{12B18D84-1BF2-45D6-B85F-9A2AFC911094} = {072C2F84-692D-4DBE-B69E-8AE67FE06FF7}
		{FBDBFB40-B5DC-406C-AE6E-E6CC08E3FDC0} = {072C2F84-692D-4DBE-B69E-8AE67FE06FF7}
		{42021DDA-9E53-472F-AEED-D14F3BBA1CBE} = {072C2F84-692D-4DBE-B69E-8AE67FE06FF7}
		{49409C59-5CA8-4919-886F-1A354403F3B5} = {072C2F84-692D-4DBE-B69E-8AE67FE06FF7}
		{81CDCBFE-75E3-4677-9F43-7A7CB79ED2C8} = {072C2F84-692D-4DBE-B69E-8AE67FE06FF7}
		{79960D63-D30F-486F-B6E1-94B38912790D} = {072C2F84-692D-4DBE-B69E-8AE67FE06FF7}
		{FCA07318-5FB3-49AF-8D38-1C3236BBC72C} = {072C2F84-692D-4DBE-B69E-8AE67FE06FF7}
		{E4014C2A-C3C7-4BE1-B725-C196CFD449FA} = {072C2F84-692D-4DBE-B69E-8AE67FE06FF7}
		{2F7F93E8-4A7E-403F-A3D7-10763C64ECC8} = {072C2F84-692D-4DBE-B69E-8AE67FE06FF7}
		{5FB8C9F0-921C-4DC8-AE27-48A1BCF81C79} = {072C2F84-692D-4DBE-B69E-8AE67FE06FF7}
		{BA23AD96-D594-4F8D-B25F-BDE4122BCA06} = {072C2F84-692D-4DBE-B69E-8AE67FE06FF7}
		{89978066-9A3C-4AAA-8323-5C51782680E8} = {072C2F84-692D-4DBE-B69E-8AE67FE06FF7}
		{3DE94B46-E1EE-4E55-97E5-0C2B5C83D3BF} = {072C2F84-692D-4DBE-B69E-8AE67FE06FF7}
		{14D5681E-C648-4FFE-A3B2-23ECF6D24BC4} = {072C2F84-692D-4DBE-B69E-8AE67FE06FF7}
		{C0C9695D-1605-4D5D-8C7D-45CF34ED29BF} = {072C2F84-692D-4DBE-B69E-8AE67FE06FF7}
		{CDFAAACA-8B2F-4A08-B064-0ED2029F4AFD} = {072C2F84-692D-4DBE-B69E-8AE67FE06FF7}
		{179CC07B-76E4-4B2A-81A9-2E29AB51AE8F} = {072C2F84-692D-4DBE-B69E-8AE67FE06FF7}
		{E35E13B5-D679-4A04-A807-1654D4D94C3E} = {072C2F84-692D-4DBE-B69E-8AE67FE06FF7}
		{106D093A-DB54-48E8-9DB1-C4328FFF53DB} = {072C2F84-692D-4DBE-B69E-8AE67FE06FF7}
	EndGlobalSection
	GlobalSection(SolutionConfigurationPlatforms) = preSolution
		Debug|Any CPU = Debug|Any CPU
		Release|Any CPU = Release|Any CPU
	EndGlobalSection
	GlobalSection(ProjectConfigurationPlatforms) = postSolution
		{30BB2725-0997-4789-B67E-2F75FFE91F3D}.Debug|Any CPU.ActiveCfg = Debug|Any CPU
		{30BB2725-0997-4789-B67E-2F75FFE91F3D}.Debug|Any CPU.Build.0 = Debug|Any CPU
		{30BB2725-0997-4789-B67E-2F75FFE91F3D}.Release|Any CPU.ActiveCfg = Release|Any CPU
		{30BB2725-0997-4789-B67E-2F75FFE91F3D}.Release|Any CPU.Build.0 = Release|Any CPU
		{7B74E0C6-468D-41A1-91D8-EA0AB4964D99}.Debug|Any CPU.ActiveCfg = Debug|Any CPU
		{7B74E0C6-468D-41A1-91D8-EA0AB4964D99}.Debug|Any CPU.Build.0 = Debug|Any CPU
		{7B74E0C6-468D-41A1-91D8-EA0AB4964D99}.Release|Any CPU.ActiveCfg = Release|Any CPU
		{7B74E0C6-468D-41A1-91D8-EA0AB4964D99}.Release|Any CPU.Build.0 = Release|Any CPU
		{21BF22DD-CD03-4CF0-9012-050B323A3957}.Debug|Any CPU.ActiveCfg = Debug|Any CPU
		{21BF22DD-CD03-4CF0-9012-050B323A3957}.Debug|Any CPU.Build.0 = Debug|Any CPU
		{21BF22DD-CD03-4CF0-9012-050B323A3957}.Release|Any CPU.ActiveCfg = Release|Any CPU
		{21BF22DD-CD03-4CF0-9012-050B323A3957}.Release|Any CPU.Build.0 = Release|Any CPU
		{98A2B4EA-2BFB-46A1-A024-120132A13496}.Debug|Any CPU.ActiveCfg = Debug|Any CPU
		{98A2B4EA-2BFB-46A1-A024-120132A13496}.Debug|Any CPU.Build.0 = Debug|Any CPU
		{98A2B4EA-2BFB-46A1-A024-120132A13496}.Release|Any CPU.ActiveCfg = Release|Any CPU
		{98A2B4EA-2BFB-46A1-A024-120132A13496}.Release|Any CPU.Build.0 = Release|Any CPU
		{ED457DA9-1010-4493-A60C-2E919E9A32B5}.Debug|Any CPU.ActiveCfg = Debug|Any CPU
		{ED457DA9-1010-4493-A60C-2E919E9A32B5}.Debug|Any CPU.Build.0 = Debug|Any CPU
		{ED457DA9-1010-4493-A60C-2E919E9A32B5}.Release|Any CPU.ActiveCfg = Release|Any CPU
		{ED457DA9-1010-4493-A60C-2E919E9A32B5}.Release|Any CPU.Build.0 = Release|Any CPU
		{EDD40D00-B7DB-4A3C-ACB6-695D721916CE}.Debug|Any CPU.ActiveCfg = Debug|Any CPU
		{EDD40D00-B7DB-4A3C-ACB6-695D721916CE}.Debug|Any CPU.Build.0 = Debug|Any CPU
		{EDD40D00-B7DB-4A3C-ACB6-695D721916CE}.Release|Any CPU.ActiveCfg = Release|Any CPU
		{EDD40D00-B7DB-4A3C-ACB6-695D721916CE}.Release|Any CPU.Build.0 = Release|Any CPU
		{F86B538F-70D5-4A59-9492-186EF8445850}.Debug|Any CPU.ActiveCfg = Debug|Any CPU
		{F86B538F-70D5-4A59-9492-186EF8445850}.Debug|Any CPU.Build.0 = Debug|Any CPU
		{F86B538F-70D5-4A59-9492-186EF8445850}.Release|Any CPU.ActiveCfg = Release|Any CPU
		{F86B538F-70D5-4A59-9492-186EF8445850}.Release|Any CPU.Build.0 = Release|Any CPU
		{B24F0107-86AD-4B9A-A8D6-33F546EAB705}.Debug|Any CPU.ActiveCfg = Debug|Any CPU
		{B24F0107-86AD-4B9A-A8D6-33F546EAB705}.Debug|Any CPU.Build.0 = Debug|Any CPU
		{B24F0107-86AD-4B9A-A8D6-33F546EAB705}.Release|Any CPU.ActiveCfg = Release|Any CPU
		{B24F0107-86AD-4B9A-A8D6-33F546EAB705}.Release|Any CPU.Build.0 = Release|Any CPU
		{0D6E8AFF-875A-4E32-BEB8-13E61625DEEF}.Debug|Any CPU.ActiveCfg = Debug|Any CPU
		{0D6E8AFF-875A-4E32-BEB8-13E61625DEEF}.Debug|Any CPU.Build.0 = Debug|Any CPU
		{0D6E8AFF-875A-4E32-BEB8-13E61625DEEF}.Release|Any CPU.ActiveCfg = Release|Any CPU
		{0D6E8AFF-875A-4E32-BEB8-13E61625DEEF}.Release|Any CPU.Build.0 = Release|Any CPU
		{938293F5-3C5D-4FEF-9AE2-64A9B5EF8450}.Debug|Any CPU.ActiveCfg = Debug|Any CPU
		{938293F5-3C5D-4FEF-9AE2-64A9B5EF8450}.Debug|Any CPU.Build.0 = Debug|Any CPU
		{938293F5-3C5D-4FEF-9AE2-64A9B5EF8450}.Release|Any CPU.ActiveCfg = Release|Any CPU
		{938293F5-3C5D-4FEF-9AE2-64A9B5EF8450}.Release|Any CPU.Build.0 = Release|Any CPU
		{D90736A6-6767-41DF-830C-270E3FC4223E}.Debug|Any CPU.ActiveCfg = Debug|Any CPU
		{D90736A6-6767-41DF-830C-270E3FC4223E}.Debug|Any CPU.Build.0 = Debug|Any CPU
		{D90736A6-6767-41DF-830C-270E3FC4223E}.Release|Any CPU.ActiveCfg = Release|Any CPU
		{D90736A6-6767-41DF-830C-270E3FC4223E}.Release|Any CPU.Build.0 = Release|Any CPU
		{7366D138-15E6-48D9-A22F-9126819034E7}.Debug|Any CPU.ActiveCfg = Debug|Any CPU
		{7366D138-15E6-48D9-A22F-9126819034E7}.Debug|Any CPU.Build.0 = Debug|Any CPU
		{7366D138-15E6-48D9-A22F-9126819034E7}.Release|Any CPU.ActiveCfg = Release|Any CPU
		{7366D138-15E6-48D9-A22F-9126819034E7}.Release|Any CPU.Build.0 = Release|Any CPU
		{BD32DC34-26CB-4F38-9EC4-2017FBAA14EA}.Debug|Any CPU.ActiveCfg = Debug|Any CPU
		{BD32DC34-26CB-4F38-9EC4-2017FBAA14EA}.Debug|Any CPU.Build.0 = Debug|Any CPU
		{BD32DC34-26CB-4F38-9EC4-2017FBAA14EA}.Release|Any CPU.ActiveCfg = Release|Any CPU
		{BD32DC34-26CB-4F38-9EC4-2017FBAA14EA}.Release|Any CPU.Build.0 = Release|Any CPU
		{CDA68099-83CE-4FA1-BCF4-5A1C1D39E214}.Debug|Any CPU.ActiveCfg = Debug|Any CPU
		{CDA68099-83CE-4FA1-BCF4-5A1C1D39E214}.Debug|Any CPU.Build.0 = Debug|Any CPU
		{CDA68099-83CE-4FA1-BCF4-5A1C1D39E214}.Release|Any CPU.ActiveCfg = Release|Any CPU
		{CDA68099-83CE-4FA1-BCF4-5A1C1D39E214}.Release|Any CPU.Build.0 = Release|Any CPU
		{4E3C1FD4-DB60-40FF-851E-831CC4876DFB}.Debug|Any CPU.ActiveCfg = Debug|Any CPU
		{4E3C1FD4-DB60-40FF-851E-831CC4876DFB}.Debug|Any CPU.Build.0 = Debug|Any CPU
		{4E3C1FD4-DB60-40FF-851E-831CC4876DFB}.Release|Any CPU.ActiveCfg = Release|Any CPU
		{4E3C1FD4-DB60-40FF-851E-831CC4876DFB}.Release|Any CPU.Build.0 = Release|Any CPU
		{0C72BACD-09B6-4E0E-9586-1D6CB747ECD3}.Debug|Any CPU.ActiveCfg = Debug|Any CPU
		{0C72BACD-09B6-4E0E-9586-1D6CB747ECD3}.Debug|Any CPU.Build.0 = Debug|Any CPU
		{0C72BACD-09B6-4E0E-9586-1D6CB747ECD3}.Release|Any CPU.ActiveCfg = Release|Any CPU
		{0C72BACD-09B6-4E0E-9586-1D6CB747ECD3}.Release|Any CPU.Build.0 = Release|Any CPU
		{86CCE508-A510-4649-99B2-5B3F44364E3B}.Debug|Any CPU.ActiveCfg = Debug|Any CPU
		{86CCE508-A510-4649-99B2-5B3F44364E3B}.Debug|Any CPU.Build.0 = Debug|Any CPU
		{86CCE508-A510-4649-99B2-5B3F44364E3B}.Release|Any CPU.ActiveCfg = Release|Any CPU
		{86CCE508-A510-4649-99B2-5B3F44364E3B}.Release|Any CPU.Build.0 = Release|Any CPU
		{02E4ADEA-58ED-4D0D-AA47-4982F3F4A5E1}.Debug|Any CPU.ActiveCfg = Debug|Any CPU
		{02E4ADEA-58ED-4D0D-AA47-4982F3F4A5E1}.Debug|Any CPU.Build.0 = Debug|Any CPU
		{02E4ADEA-58ED-4D0D-AA47-4982F3F4A5E1}.Release|Any CPU.ActiveCfg = Release|Any CPU
		{02E4ADEA-58ED-4D0D-AA47-4982F3F4A5E1}.Release|Any CPU.Build.0 = Release|Any CPU
		{27DA6B8E-7FC6-4BE3-A136-36CD990DF922}.Debug|Any CPU.ActiveCfg = Debug|Any CPU
		{27DA6B8E-7FC6-4BE3-A136-36CD990DF922}.Debug|Any CPU.Build.0 = Debug|Any CPU
		{27DA6B8E-7FC6-4BE3-A136-36CD990DF922}.Release|Any CPU.ActiveCfg = Release|Any CPU
		{27DA6B8E-7FC6-4BE3-A136-36CD990DF922}.Release|Any CPU.Build.0 = Release|Any CPU
		{F0A5F94A-949F-4816-89AF-D39EFBEAC38A}.Debug|Any CPU.ActiveCfg = Debug|Any CPU
		{F0A5F94A-949F-4816-89AF-D39EFBEAC38A}.Debug|Any CPU.Build.0 = Debug|Any CPU
		{F0A5F94A-949F-4816-89AF-D39EFBEAC38A}.Release|Any CPU.ActiveCfg = Release|Any CPU
		{F0A5F94A-949F-4816-89AF-D39EFBEAC38A}.Release|Any CPU.Build.0 = Release|Any CPU
		{7EA9FAFE-37D5-4D5F-B083-FB32EF9881F1}.Debug|Any CPU.ActiveCfg = Debug|Any CPU
		{7EA9FAFE-37D5-4D5F-B083-FB32EF9881F1}.Debug|Any CPU.Build.0 = Debug|Any CPU
		{7EA9FAFE-37D5-4D5F-B083-FB32EF9881F1}.Release|Any CPU.ActiveCfg = Release|Any CPU
		{7EA9FAFE-37D5-4D5F-B083-FB32EF9881F1}.Release|Any CPU.Build.0 = Release|Any CPU
		{113DF876-F454-4F9E-AADA-42EBF5F45533}.Debug|Any CPU.ActiveCfg = Debug|Any CPU
		{113DF876-F454-4F9E-AADA-42EBF5F45533}.Debug|Any CPU.Build.0 = Debug|Any CPU
		{113DF876-F454-4F9E-AADA-42EBF5F45533}.Release|Any CPU.ActiveCfg = Release|Any CPU
		{113DF876-F454-4F9E-AADA-42EBF5F45533}.Release|Any CPU.Build.0 = Release|Any CPU
		{8166DA21-756E-45DA-8DA2-A579B2653162}.Debug|Any CPU.ActiveCfg = Debug|Any CPU
		{8166DA21-756E-45DA-8DA2-A579B2653162}.Debug|Any CPU.Build.0 = Debug|Any CPU
		{8166DA21-756E-45DA-8DA2-A579B2653162}.Release|Any CPU.ActiveCfg = Release|Any CPU
		{8166DA21-756E-45DA-8DA2-A579B2653162}.Release|Any CPU.Build.0 = Release|Any CPU
		{C2B2BC30-5D3E-4897-9CAA-5E863298B612}.Debug|Any CPU.ActiveCfg = Debug|Any CPU
		{C2B2BC30-5D3E-4897-9CAA-5E863298B612}.Debug|Any CPU.Build.0 = Debug|Any CPU
		{C2B2BC30-5D3E-4897-9CAA-5E863298B612}.Release|Any CPU.ActiveCfg = Release|Any CPU
		{C2B2BC30-5D3E-4897-9CAA-5E863298B612}.Release|Any CPU.Build.0 = Release|Any CPU
		{DEF9871D-861A-42B6-B024-CF5A170479DA}.Debug|Any CPU.ActiveCfg = Debug|Any CPU
		{DEF9871D-861A-42B6-B024-CF5A170479DA}.Debug|Any CPU.Build.0 = Debug|Any CPU
		{DEF9871D-861A-42B6-B024-CF5A170479DA}.Release|Any CPU.ActiveCfg = Release|Any CPU
		{DEF9871D-861A-42B6-B024-CF5A170479DA}.Release|Any CPU.Build.0 = Release|Any CPU
		{12B18D84-1BF2-45D6-B85F-9A2AFC911094}.Debug|Any CPU.ActiveCfg = Debug|Any CPU
		{12B18D84-1BF2-45D6-B85F-9A2AFC911094}.Debug|Any CPU.Build.0 = Debug|Any CPU
		{12B18D84-1BF2-45D6-B85F-9A2AFC911094}.Release|Any CPU.ActiveCfg = Release|Any CPU
		{12B18D84-1BF2-45D6-B85F-9A2AFC911094}.Release|Any CPU.Build.0 = Release|Any CPU
		{FBDBFB40-B5DC-406C-AE6E-E6CC08E3FDC0}.Debug|Any CPU.ActiveCfg = Debug|Any CPU
		{FBDBFB40-B5DC-406C-AE6E-E6CC08E3FDC0}.Debug|Any CPU.Build.0 = Debug|Any CPU
		{FBDBFB40-B5DC-406C-AE6E-E6CC08E3FDC0}.Release|Any CPU.ActiveCfg = Release|Any CPU
		{FBDBFB40-B5DC-406C-AE6E-E6CC08E3FDC0}.Release|Any CPU.Build.0 = Release|Any CPU
		{42021DDA-9E53-472F-AEED-D14F3BBA1CBE}.Debug|Any CPU.ActiveCfg = Debug|Any CPU
		{42021DDA-9E53-472F-AEED-D14F3BBA1CBE}.Debug|Any CPU.Build.0 = Debug|Any CPU
		{42021DDA-9E53-472F-AEED-D14F3BBA1CBE}.Release|Any CPU.ActiveCfg = Release|Any CPU
		{42021DDA-9E53-472F-AEED-D14F3BBA1CBE}.Release|Any CPU.Build.0 = Release|Any CPU
		{49409C59-5CA8-4919-886F-1A354403F3B5}.Debug|Any CPU.ActiveCfg = Debug|Any CPU
		{49409C59-5CA8-4919-886F-1A354403F3B5}.Debug|Any CPU.Build.0 = Debug|Any CPU
		{49409C59-5CA8-4919-886F-1A354403F3B5}.Release|Any CPU.ActiveCfg = Release|Any CPU
		{49409C59-5CA8-4919-886F-1A354403F3B5}.Release|Any CPU.Build.0 = Release|Any CPU
		{81CDCBFE-75E3-4677-9F43-7A7CB79ED2C8}.Debug|Any CPU.ActiveCfg = Debug|Any CPU
		{81CDCBFE-75E3-4677-9F43-7A7CB79ED2C8}.Debug|Any CPU.Build.0 = Debug|Any CPU
		{81CDCBFE-75E3-4677-9F43-7A7CB79ED2C8}.Release|Any CPU.ActiveCfg = Release|Any CPU
		{81CDCBFE-75E3-4677-9F43-7A7CB79ED2C8}.Release|Any CPU.Build.0 = Release|Any CPU
		{79960D63-D30F-486F-B6E1-94B38912790D}.Debug|Any CPU.ActiveCfg = Debug|Any CPU
		{79960D63-D30F-486F-B6E1-94B38912790D}.Debug|Any CPU.Build.0 = Debug|Any CPU
		{79960D63-D30F-486F-B6E1-94B38912790D}.Release|Any CPU.ActiveCfg = Release|Any CPU
		{79960D63-D30F-486F-B6E1-94B38912790D}.Release|Any CPU.Build.0 = Release|Any CPU
		{FCA07318-5FB3-49AF-8D38-1C3236BBC72C}.Debug|Any CPU.ActiveCfg = Debug|Any CPU
		{FCA07318-5FB3-49AF-8D38-1C3236BBC72C}.Debug|Any CPU.Build.0 = Debug|Any CPU
		{FCA07318-5FB3-49AF-8D38-1C3236BBC72C}.Release|Any CPU.ActiveCfg = Release|Any CPU
		{FCA07318-5FB3-49AF-8D38-1C3236BBC72C}.Release|Any CPU.Build.0 = Release|Any CPU
		{681DC410-2012-48B9-9AD9-B37282B936CD}.Debug|Any CPU.ActiveCfg = Debug|Any CPU
		{681DC410-2012-48B9-9AD9-B37282B936CD}.Debug|Any CPU.Build.0 = Debug|Any CPU
		{681DC410-2012-48B9-9AD9-B37282B936CD}.Release|Any CPU.ActiveCfg = Release|Any CPU
		{681DC410-2012-48B9-9AD9-B37282B936CD}.Release|Any CPU.Build.0 = Release|Any CPU
		{E4014C2A-C3C7-4BE1-B725-C196CFD449FA}.Debug|Any CPU.ActiveCfg = Debug|Any CPU
		{E4014C2A-C3C7-4BE1-B725-C196CFD449FA}.Debug|Any CPU.Build.0 = Debug|Any CPU
		{E4014C2A-C3C7-4BE1-B725-C196CFD449FA}.Release|Any CPU.ActiveCfg = Release|Any CPU
		{E4014C2A-C3C7-4BE1-B725-C196CFD449FA}.Release|Any CPU.Build.0 = Release|Any CPU
		{2F7F93E8-4A7E-403F-A3D7-10763C64ECC8}.Debug|Any CPU.ActiveCfg = Debug|Any CPU
		{2F7F93E8-4A7E-403F-A3D7-10763C64ECC8}.Debug|Any CPU.Build.0 = Debug|Any CPU
		{2F7F93E8-4A7E-403F-A3D7-10763C64ECC8}.Release|Any CPU.ActiveCfg = Release|Any CPU
		{2F7F93E8-4A7E-403F-A3D7-10763C64ECC8}.Release|Any CPU.Build.0 = Release|Any CPU
		{5FB8C9F0-921C-4DC8-AE27-48A1BCF81C79}.Debug|Any CPU.ActiveCfg = Debug|Any CPU
		{5FB8C9F0-921C-4DC8-AE27-48A1BCF81C79}.Debug|Any CPU.Build.0 = Debug|Any CPU
		{5FB8C9F0-921C-4DC8-AE27-48A1BCF81C79}.Release|Any CPU.ActiveCfg = Release|Any CPU
		{5FB8C9F0-921C-4DC8-AE27-48A1BCF81C79}.Release|Any CPU.Build.0 = Release|Any CPU
		{BA23AD96-D594-4F8D-B25F-BDE4122BCA06}.Debug|Any CPU.ActiveCfg = Debug|Any CPU
		{BA23AD96-D594-4F8D-B25F-BDE4122BCA06}.Debug|Any CPU.Build.0 = Debug|Any CPU
		{BA23AD96-D594-4F8D-B25F-BDE4122BCA06}.Release|Any CPU.ActiveCfg = Release|Any CPU
		{BA23AD96-D594-4F8D-B25F-BDE4122BCA06}.Release|Any CPU.Build.0 = Release|Any CPU
		{89978066-9A3C-4AAA-8323-5C51782680E8}.Debug|Any CPU.ActiveCfg = Debug|Any CPU
		{89978066-9A3C-4AAA-8323-5C51782680E8}.Debug|Any CPU.Build.0 = Debug|Any CPU
		{89978066-9A3C-4AAA-8323-5C51782680E8}.Release|Any CPU.ActiveCfg = Release|Any CPU
		{89978066-9A3C-4AAA-8323-5C51782680E8}.Release|Any CPU.Build.0 = Release|Any CPU
		{3DE94B46-E1EE-4E55-97E5-0C2B5C83D3BF}.Debug|Any CPU.ActiveCfg = Debug|Any CPU
		{3DE94B46-E1EE-4E55-97E5-0C2B5C83D3BF}.Debug|Any CPU.Build.0 = Debug|Any CPU
		{3DE94B46-E1EE-4E55-97E5-0C2B5C83D3BF}.Release|Any CPU.ActiveCfg = Release|Any CPU
		{3DE94B46-E1EE-4E55-97E5-0C2B5C83D3BF}.Release|Any CPU.Build.0 = Release|Any CPU
		{14D5681E-C648-4FFE-A3B2-23ECF6D24BC4}.Debug|Any CPU.ActiveCfg = Debug|Any CPU
		{14D5681E-C648-4FFE-A3B2-23ECF6D24BC4}.Debug|Any CPU.Build.0 = Debug|Any CPU
		{14D5681E-C648-4FFE-A3B2-23ECF6D24BC4}.Release|Any CPU.ActiveCfg = Release|Any CPU
		{14D5681E-C648-4FFE-A3B2-23ECF6D24BC4}.Release|Any CPU.Build.0 = Release|Any CPU
		{C0C9695D-1605-4D5D-8C7D-45CF34ED29BF}.Debug|Any CPU.ActiveCfg = Debug|Any CPU
		{C0C9695D-1605-4D5D-8C7D-45CF34ED29BF}.Debug|Any CPU.Build.0 = Debug|Any CPU
		{C0C9695D-1605-4D5D-8C7D-45CF34ED29BF}.Release|Any CPU.ActiveCfg = Release|Any CPU
		{C0C9695D-1605-4D5D-8C7D-45CF34ED29BF}.Release|Any CPU.Build.0 = Release|Any CPU
		{CDFAAACA-8B2F-4A08-B064-0ED2029F4AFD}.Debug|Any CPU.ActiveCfg = Debug|Any CPU
		{CDFAAACA-8B2F-4A08-B064-0ED2029F4AFD}.Debug|Any CPU.Build.0 = Debug|Any CPU
		{CDFAAACA-8B2F-4A08-B064-0ED2029F4AFD}.Release|Any CPU.ActiveCfg = Release|Any CPU
		{CDFAAACA-8B2F-4A08-B064-0ED2029F4AFD}.Release|Any CPU.Build.0 = Release|Any CPU
		{179CC07B-76E4-4B2A-81A9-2E29AB51AE8F}.Debug|Any CPU.ActiveCfg = Debug|Any CPU
		{179CC07B-76E4-4B2A-81A9-2E29AB51AE8F}.Debug|Any CPU.Build.0 = Debug|Any CPU
		{179CC07B-76E4-4B2A-81A9-2E29AB51AE8F}.Release|Any CPU.ActiveCfg = Release|Any CPU
		{179CC07B-76E4-4B2A-81A9-2E29AB51AE8F}.Release|Any CPU.Build.0 = Release|Any CPU
		{E35E13B5-D679-4A04-A807-1654D4D94C3E}.Debug|Any CPU.ActiveCfg = Debug|Any CPU
		{E35E13B5-D679-4A04-A807-1654D4D94C3E}.Debug|Any CPU.Build.0 = Debug|Any CPU
		{E35E13B5-D679-4A04-A807-1654D4D94C3E}.Release|Any CPU.ActiveCfg = Release|Any CPU
		{E35E13B5-D679-4A04-A807-1654D4D94C3E}.Release|Any CPU.Build.0 = Release|Any CPU
		{106D093A-DB54-48E8-9DB1-C4328FFF53DB}.Debug|Any CPU.ActiveCfg = Debug|Any CPU
		{106D093A-DB54-48E8-9DB1-C4328FFF53DB}.Debug|Any CPU.Build.0 = Debug|Any CPU
		{106D093A-DB54-48E8-9DB1-C4328FFF53DB}.Release|Any CPU.ActiveCfg = Release|Any CPU
		{106D093A-DB54-48E8-9DB1-C4328FFF53DB}.Release|Any CPU.Build.0 = Release|Any CPU
	EndGlobalSection
	GlobalSection(SolutionProperties) = preSolution
		HideSolutionNode = FALSE
	EndGlobalSection
	GlobalSection(ExtensibilityGlobals) = postSolution
		SolutionGuid = {AB8657EC-9CEF-4F42-89C4-871C09F4074B}
	EndGlobalSection
EndGlobal
